
Microsoft Visual Studio Solution File, Format Version 12.00
# Visual Studio 2012
Project("{FAE04EC0-301F-11D3-BF4B-00C04F79EFBC}") = "InterviewModuleDemo", "InterviewModuleDemo\InterviewModuleDemo.csproj", "{ECC71AC2-8F38-41F2-8F71-42226D249981}"
EndProject
Project("{FAE04EC0-301F-11D3-BF4B-00C04F79EFBC}") = "InterviewModuleDemo.Tests", "InterviewModuleDemo.Tests\InterviewModuleDemo.Tests.csproj", "{73B771B5-F576-4B67-B417-0441AFAAD481}"
EndProject
Global
	GlobalSection(SolutionConfigurationPlatforms) = preSolution
		Debug|Any CPU = Debug|Any CPU
		Release|Any CPU = Release|Any CPU
	EndGlobalSection
	GlobalSection(ProjectConfigurationPlatforms) = postSolution
		{ECC71AC2-8F38-41F2-8F71-42226D249981}.Debug|Any CPU.ActiveCfg = Debug|Any CPU
		{ECC71AC2-8F38-41F2-8F71-42226D249981}.Debug|Any CPU.Build.0 = Debug|Any CPU
		{ECC71AC2-8F38-41F2-8F71-42226D249981}.Release|Any CPU.ActiveCfg = Release|Any CPU
		{ECC71AC2-8F38-41F2-8F71-42226D249981}.Release|Any CPU.Build.0 = Release|Any CPU
		{73B771B5-F576-4B67-B417-0441AFAAD481}.Debug|Any CPU.ActiveCfg = Debug|Any CPU
		{73B771B5-F576-4B67-B417-0441AFAAD481}.Debug|Any CPU.Build.0 = Debug|Any CPU
		{73B771B5-F576-4B67-B417-0441AFAAD481}.Release|Any CPU.ActiveCfg = Release|Any CPU
		{73B771B5-F576-4B67-B417-0441AFAAD481}.Release|Any CPU.Build.0 = Release|Any CPU
	EndGlobalSection
	GlobalSection(SolutionProperties) = preSolution
		HideSolutionNode = FALSE
	EndGlobalSection
EndGlobal
